
Microsoft Visual Studio Solution File, Format Version 12.00
# Visual Studio Version 16
VisualStudioVersion = 16.0.30320.27
MinimumVisualStudioVersion = 10.0.40219.1
Project("{FAE04EC0-301F-11D3-BF4B-00C04F79EFBC}") = "01_Types", "01_Types\01_Types.csproj", "{E1BC3371-5703-4FE8-AEDE-68AADBF116DB}"
EndProject
Project("{FAE04EC0-301F-11D3-BF4B-00C04F79EFBC}") = "02_Conditionals", "02_Conditionals\02_Conditionals.csproj", "{67CACDF2-3D20-4697-8AD1-8AF70168D351}"
EndProject
Project("{FAE04EC0-301F-11D3-BF4B-00C04F79EFBC}") = "03_Loops", "03_Loops\03_Loops.csproj", "{54274948-715B-4B89-B823-4FF59776BA91}"
EndProject
Project("{FAE04EC0-301F-11D3-BF4B-00C04F79EFBC}") = "04_Methods", "04_Methods\04_Methods.csproj", "{78E7AD6C-7C7B-43D5-873F-CA19AA66FFB7}"
EndProject
Project("{FAE04EC0-301F-11D3-BF4B-00C04F79EFBC}") = "05_Classes", "05_Classes\05_Classes.csproj", "{2DE474B1-F4F0-4C72-AE30-291B5DB6849F}"
EndProject
Global
	GlobalSection(SolutionConfigurationPlatforms) = preSolution
		Debug|Any CPU = Debug|Any CPU
		Release|Any CPU = Release|Any CPU
	EndGlobalSection
	GlobalSection(ProjectConfigurationPlatforms) = postSolution
		{E1BC3371-5703-4FE8-AEDE-68AADBF116DB}.Debug|Any CPU.ActiveCfg = Debug|Any CPU
		{E1BC3371-5703-4FE8-AEDE-68AADBF116DB}.Debug|Any CPU.Build.0 = Debug|Any CPU
		{E1BC3371-5703-4FE8-AEDE-68AADBF116DB}.Release|Any CPU.ActiveCfg = Release|Any CPU
		{E1BC3371-5703-4FE8-AEDE-68AADBF116DB}.Release|Any CPU.Build.0 = Release|Any CPU
		{67CACDF2-3D20-4697-8AD1-8AF70168D351}.Debug|Any CPU.ActiveCfg = Debug|Any CPU
		{67CACDF2-3D20-4697-8AD1-8AF70168D351}.Debug|Any CPU.Build.0 = Debug|Any CPU
		{67CACDF2-3D20-4697-8AD1-8AF70168D351}.Release|Any CPU.ActiveCfg = Release|Any CPU
		{67CACDF2-3D20-4697-8AD1-8AF70168D351}.Release|Any CPU.Build.0 = Release|Any CPU
		{54274948-715B-4B89-B823-4FF59776BA91}.Debug|Any CPU.ActiveCfg = Debug|Any CPU
		{54274948-715B-4B89-B823-4FF59776BA91}.Debug|Any CPU.Build.0 = Debug|Any CPU
		{54274948-715B-4B89-B823-4FF59776BA91}.Release|Any CPU.ActiveCfg = Release|Any CPU
		{54274948-715B-4B89-B823-4FF59776BA91}.Release|Any CPU.Build.0 = Release|Any CPU
		{78E7AD6C-7C7B-43D5-873F-CA19AA66FFB7}.Debug|Any CPU.ActiveCfg = Debug|Any CPU
		{78E7AD6C-7C7B-43D5-873F-CA19AA66FFB7}.Debug|Any CPU.Build.0 = Debug|Any CPU
		{78E7AD6C-7C7B-43D5-873F-CA19AA66FFB7}.Release|Any CPU.ActiveCfg = Release|Any CPU
		{78E7AD6C-7C7B-43D5-873F-CA19AA66FFB7}.Release|Any CPU.Build.0 = Release|Any CPU
		{2DE474B1-F4F0-4C72-AE30-291B5DB6849F}.Debug|Any CPU.ActiveCfg = Debug|Any CPU
		{2DE474B1-F4F0-4C72-AE30-291B5DB6849F}.Debug|Any CPU.Build.0 = Debug|Any CPU
		{2DE474B1-F4F0-4C72-AE30-291B5DB6849F}.Release|Any CPU.ActiveCfg = Release|Any CPU
		{2DE474B1-F4F0-4C72-AE30-291B5DB6849F}.Release|Any CPU.Build.0 = Release|Any CPU
	EndGlobalSection
	GlobalSection(SolutionProperties) = preSolution
		HideSolutionNode = FALSE
	EndGlobalSection
	GlobalSection(ExtensibilityGlobals) = postSolution
		SolutionGuid = {F1F27364-B045-4678-998B-9C4C0088498F}
	EndGlobalSection
EndGlobal
